{
  "nodes": {
    "aagl": {
      "inputs": {
        "flake-compat": "flake-compat",
        "nixpkgs": [
          "nixpkgs"
        ]
      },
      "locked": {
        "lastModified": 1743475805,
        "narHash": "sha256-H3T9CQ1qBwtEW8M+v5noSpRej6YNJRC5cpU0fO4oH/0=",
        "owner": "ezKEa",
        "repo": "aagl-gtk-on-nix",
        "rev": "d57ccce285ce6fc5e970420c31b49d9cef62d0bc",
        "type": "github"
      },
      "original": {
        "owner": "ezKEa",
        "repo": "aagl-gtk-on-nix",
        "type": "github"
      }
    },
    "agenix": {
      "inputs": {
        "darwin": [],
        "home-manager": [],
        "nixpkgs": [
          "nixpkgs"
        ],
        "systems": "systems"
      },
      "locked": {
        "lastModified": 1739156869,
        "narHash": "sha256-C40dhhTB+XZqefOMtmTyjOYS+ILIAgPXtJ2wcF9wMD4=",
        "owner": "Rexcrazy804",
        "repo": "agenix",
        "rev": "da5d3a4a28c7d33345338613f28173dcbfddb380",
        "type": "github"
      },
      "original": {
        "owner": "Rexcrazy804",
        "repo": "agenix",
        "type": "github"
      }
    },
    "ags": {
      "inputs": {
        "astal": "astal",
        "nixpkgs": [
          "hyprpanel",
          "nixpkgs"
        ]
      },
      "locked": {
        "lastModified": 1736090999,
        "narHash": "sha256-B5CJuHqfJrzPa7tObK0H9669/EClSHpa/P7B9EuvElU=",
        "owner": "aylur",
        "repo": "ags",
        "rev": "5527c3c07d92c11e04e7fd99d58429493dba7e3c",
        "type": "github"
      },
      "original": {
        "owner": "aylur",
        "repo": "ags",
        "type": "github"
      }
    },
    "astal": {
      "inputs": {
        "nixpkgs": [
          "hyprpanel",
          "ags",
          "nixpkgs"
        ]
      },
      "locked": {
        "lastModified": 1735172721,
        "narHash": "sha256-rtEAwGsHSppnkR3Qg3eRJ6Xh/F84IY9CrBBLzYabalY=",
        "owner": "aylur",
        "repo": "astal",
        "rev": "6c84b64efc736e039a8a10774a4a1bf772c37aa2",
        "type": "github"
      },
      "original": {
        "owner": "aylur",
        "repo": "astal",
        "type": "github"
      }
    },
    "booru-flake": {
      "inputs": {
        "nixpkgs": [
          "nixpkgs"
        ]
      },
      "locked": {
        "lastModified": 1743770210,
        "narHash": "sha256-dwFiVWvgL3zEh5fWKcfvQyVROHNu09HicttMoJWr72I=",
        "owner": "Rexcrazy804",
        "repo": "booru-flake",
        "rev": "4678427083cf2664d580aec292584fa9128d85d8",
        "type": "github"
      },
      "original": {
        "owner": "Rexcrazy804",
        "repo": "booru-flake",
        "type": "github"
      }
    },
    "flake-compat": {
      "flake": false,
      "locked": {
        "lastModified": 1733328505,
        "narHash": "sha256-NeCCThCEP3eCl2l/+27kNNK7QrwZB1IJCrXfrbv5oqU=",
        "owner": "edolstra",
        "repo": "flake-compat",
        "rev": "ff81ac966bb2cae68946d5ed5fc4994f96d0ffec",
        "type": "github"
      },
      "original": {
        "owner": "edolstra",
        "repo": "flake-compat",
        "type": "github"
      }
    },
    "flake-compat_2": {
      "flake": false,
      "locked": {
        "lastModified": 1733328505,
        "narHash": "sha256-NeCCThCEP3eCl2l/+27kNNK7QrwZB1IJCrXfrbv5oqU=",
        "owner": "edolstra",
        "repo": "flake-compat",
        "rev": "ff81ac966bb2cae68946d5ed5fc4994f96d0ffec",
        "type": "github"
      },
      "original": {
        "owner": "edolstra",
        "repo": "flake-compat",
        "type": "github"
      }
    },
    "flake-utils": {
      "inputs": {
        "systems": "systems_2"
      },
      "locked": {
        "lastModified": 1731533236,
        "narHash": "sha256-l0KFg5HjrsfsO/JpG+r7fRrqm12kzFHyUHqHCVpMMbI=",
        "owner": "numtide",
        "repo": "flake-utils",
        "rev": "11707dc2f618dd54ca8739b309ec4fc024de578b",
        "type": "github"
      },
      "original": {
        "owner": "numtide",
        "repo": "flake-utils",
        "type": "github"
      }
    },
    "flake-utils_2": {
      "inputs": {
        "systems": "systems_3"
      },
      "locked": {
        "lastModified": 1731533236,
        "narHash": "sha256-l0KFg5HjrsfsO/JpG+r7fRrqm12kzFHyUHqHCVpMMbI=",
        "owner": "numtide",
        "repo": "flake-utils",
        "rev": "11707dc2f618dd54ca8739b309ec4fc024de578b",
        "type": "github"
      },
      "original": {
        "owner": "numtide",
        "repo": "flake-utils",
        "type": "github"
      }
    },
    "flakey-profile": {
      "locked": {
        "lastModified": 1712898590,
        "narHash": "sha256-FhGIEU93VHAChKEXx905TSiPZKga69bWl1VB37FK//I=",
        "owner": "lf-",
        "repo": "flakey-profile",
        "rev": "243c903fd8eadc0f63d205665a92d4df91d42d9d",
        "type": "github"
      },
      "original": {
        "owner": "lf-",
        "repo": "flakey-profile",
        "type": "github"
      }
    },
    "hjem": {
      "inputs": {
        "nixpkgs": [
          "nixpkgs"
        ]
      },
      "locked": {
        "lastModified": 1742070442,
        "narHash": "sha256-xPDSLswRazXLlceqc2+VdbKKG2m/OXCjTzU9O/Bs4ZQ=",
        "owner": "feel-co",
        "repo": "hjem",
        "rev": "ae49a5a2e013c710d2b2cf046ae365d08eae75b3",
        "type": "github"
      },
      "original": {
        "owner": "feel-co",
        "repo": "hjem",
        "type": "github"
      }
    },
    "hyprpanel": {
      "inputs": {
        "ags": "ags",
        "nixpkgs": [
          "nixpkgs"
        ]
      },
      "locked": {
        "lastModified": 1743579526,
        "narHash": "sha256-O2t5aCIr7uFAT9nSMGO56xFTEYEWRudffA0Yc7S/zMQ=",
        "owner": "Jas-SinghFSU",
        "repo": "HyprPanel",
        "rev": "3332d309e4bdac156d383f26a5e2320dbcf8a7d3",
        "type": "github"
      },
      "original": {
        "owner": "Jas-SinghFSU",
        "repo": "HyprPanel",
        "type": "github"
      }
    },
    "lix": {
      "flake": false,
      "locked": {
        "lastModified": 1737234286,
        "narHash": "sha256-pgDJZjj4jpzkFxsqBTI/9Yb0n3gW+DvDtuv9SwQZZcs=",
        "rev": "079528098f5998ba13c88821a2eca1005c1695de",
        "type": "tarball",
        "url": "https://git.lix.systems/api/v1/repos/lix-project/lix/archive/079528098f5998ba13c88821a2eca1005c1695de.tar.gz?rev=079528098f5998ba13c88821a2eca1005c1695de"
      },
      "original": {
        "type": "tarball",
        "url": "https://git.lix.systems/lix-project/lix/archive/release-2.92.tar.gz"
      }
    },
    "lix-module": {
      "inputs": {
        "flake-utils": "flake-utils",
        "flakey-profile": "flakey-profile",
        "lix": "lix",
        "nixpkgs": [
          "nixpkgs"
        ]
      },
      "locked": {
        "lastModified": 1742943028,
        "narHash": "sha256-fprwZKE1uMzO9tiWWOrmLWBW3GPkMayQfb0xOvVFIno=",
        "rev": "868d97695bab9d21f6070b03957bcace249fbe3c",
        "type": "tarball",
        "url": "https://git.lix.systems/api/v1/repos/lix-project/nixos-module/archive/868d97695bab9d21f6070b03957bcace249fbe3c.tar.gz"
      },
      "original": {
        "type": "tarball",
        "url": "https://git.lix.systems/lix-project/nixos-module/archive/2.92.0-3.tar.gz"
      }
    },
    "nix-minecraft": {
      "inputs": {
        "flake-compat": "flake-compat_2",
        "flake-utils": "flake-utils_2",
        "nixpkgs": [
          "nixpkgs"
        ]
      },
      "locked": {
        "lastModified": 1743558957,
        "narHash": "sha256-fem8N9FBKtIu04Fq5Q3KbcFA0EjEviicsKctYTLzIRE=",
        "owner": "Infinidoge",
        "repo": "nix-minecraft",
        "rev": "01442a9d7c7a1d7fe5a526c54bf1a70fbc6bd182",
        "type": "github"
      },
      "original": {
        "owner": "Infinidoge",
        "repo": "nix-minecraft",
        "type": "github"
      }
    },
    "nixpkgs": {
      "locked": {
        "lastModified": 1743448293,
        "narHash": "sha256-bmEPmSjJakAp/JojZRrUvNcDX2R5/nuX6bm+seVaGhs=",
        "owner": "nixos",
        "repo": "nixpkgs",
        "rev": "77b584d61ff80b4cef9245829a6f1dfad5afdfa3",
        "type": "github"
      },
      "original": {
        "owner": "nixos",
        "ref": "nixos-unstable",
        "repo": "nixpkgs",
        "type": "github"
      }
    },
    "root": {
      "inputs": {
        "aagl": "aagl",
        "agenix": "agenix",
        "booru-flake": "booru-flake",
        "hjem": "hjem",
        "hyprpanel": "hyprpanel",
        "lix-module": "lix-module",
        "nix-minecraft": "nix-minecraft",
        "nixpkgs": "nixpkgs"
      }
    },
    "systems": {
      "locked": {
        "lastModified": 1681028828,
        "narHash": "sha256-Vy1rq5AaRuLzOxct8nz4T6wlgyUR7zLU309k9mBC768=",
        "owner": "nix-systems",
        "repo": "default",
        "rev": "da67096a3b9bf56a91d16901293e51ba5b49a27e",
        "type": "github"
      },
      "original": {
        "owner": "nix-systems",
        "repo": "default",
        "type": "github"
      }
    },
    "systems_2": {
      "locked": {
        "lastModified": 1681028828,
        "narHash": "sha256-Vy1rq5AaRuLzOxct8nz4T6wlgyUR7zLU309k9mBC768=",
        "owner": "nix-systems",
        "repo": "default",
        "rev": "da67096a3b9bf56a91d16901293e51ba5b49a27e",
        "type": "github"
      },
      "original": {
        "owner": "nix-systems",
        "repo": "default",
        "type": "github"
      }
    },
    "systems_3": {
      "locked": {
        "lastModified": 1681028828,
        "narHash": "sha256-Vy1rq5AaRuLzOxct8nz4T6wlgyUR7zLU309k9mBC768=",
        "owner": "nix-systems",
        "repo": "default",
        "rev": "da67096a3b9bf56a91d16901293e51ba5b49a27e",
        "type": "github"
      },
      "original": {
        "owner": "nix-systems",
        "repo": "default",
        "type": "github"
      }
    }
  },
  "root": "root",
  "version": 7
}
